// !$*UTF8*$!
{
	archiveVersion = 1;
	classes = {
	};
	objectVersion = 77;
	objects = {

/* Begin PBXBuildFile section */
		56253C502DEDB36700199118 /* Algorithms in Frameworks */ = {isa = PBXBuildFile; productRef = 56253C4F2DEDB36700199118 /* Algorithms */; };
		562632752DEB4BA4002B2591 /* CloudStorage in Frameworks */ = {isa = PBXBuildFile; productRef = 562632742DEB4BA4002B2591 /* CloudStorage */; };
/* End PBXBuildFile section */

/* Begin PBXContainerItemProxy section */
		56C2E4A72DC284FE00C4E518 /* PBXContainerItemProxy */ = {
			isa = PBXContainerItemProxy;
			containerPortal = 56C2E4912DC284FB00C4E518 /* Project object */;
			proxyType = 1;
			remoteGlobalIDString = 56C2E4982DC284FB00C4E518;
			remoteInfo = BMICalculator;
		};
		56C2E4B12DC284FE00C4E518 /* PBXContainerItemProxy */ = {
			isa = PBXContainerItemProxy;
			containerPortal = 56C2E4912DC284FB00C4E518 /* Project object */;
			proxyType = 1;
			remoteGlobalIDString = 56C2E4982DC284FB00C4E518;
			remoteInfo = BMICalculator;
		};
/* End PBXContainerItemProxy section */

/* Begin PBXFileReference section */
        A831191CAB904FBDB2843501 /* Shared.xcconfig */ = {isa = PBXFileReference; lastKnownFileType = text.xcconfig; path = Shared.xcconfig; sourceTree = "<group>"; };
		56C2E4992DC284FB00C4E518 /* WeighPoint.app */ = {isa = PBXFileReference; explicitFileType = wrapper.application; includeInIndex = 0; path = WeighPoint.app; sourceTree = BUILT_PRODUCTS_DIR; };
		56C2E4A62DC284FE00C4E518 /* WeighPointTests.xctest */ = {isa = PBXFileReference; explicitFileType = wrapper.cfbundle; includeInIndex = 0; path = WeighPointTests.xctest; sourceTree = BUILT_PRODUCTS_DIR; };
		56C2E4B02DC284FE00C4E518 /* WeighPointUITests.xctest */ = {isa = PBXFileReference; explicitFileType = wrapper.cfbundle; includeInIndex = 0; path = WeighPointUITests.xctest; sourceTree = BUILT_PRODUCTS_DIR; };
/* End PBXFileReference section */

/* Begin PBXFileSystemSynchronizedBuildFileExceptionSet section */
		5678457A2DCCFB600018E8A0 /* Exceptions for "WeighPoint" folder in "WeighPoint" target */ = {
			isa = PBXFileSystemSynchronizedBuildFileExceptionSet;
			membershipExceptions = (
				Info.plist,
			);
			target = 56C2E4982DC284FB00C4E518 /* WeighPoint */;
		};
/* End PBXFileSystemSynchronizedBuildFileExceptionSet section */

/* Begin PBXFileSystemSynchronizedRootGroup section */
		56C2E49B2DC284FB00C4E518 /* WeighPoint */ = {
			isa = PBXFileSystemSynchronizedRootGroup;
			exceptions = (
				5678457A2DCCFB600018E8A0 /* Exceptions for "WeighPoint" folder in "WeighPoint" target */,
			);
			path = WeighPoint;
			sourceTree = "<group>";
		};
		56C2E4A92DC284FE00C4E518 /* WeighPointTests */ = {
			isa = PBXFileSystemSynchronizedRootGroup;
			path = WeighPointTests;
			sourceTree = "<group>";
		};
		56C2E4B32DC284FE00C4E518 /* WeighPointUITests */ = {
			isa = PBXFileSystemSynchronizedRootGroup;
			path = WeighPointUITests;
			sourceTree = "<group>";
		};
/* End PBXFileSystemSynchronizedRootGroup section */

/* Begin PBXFrameworksBuildPhase section */
		56C2E4962DC284FB00C4E518 /* Frameworks */ = {
			isa = PBXFrameworksBuildPhase;
			buildActionMask = 2147483647;
			files = (
				56253C502DEDB36700199118 /* Algorithms in Frameworks */,
				562632752DEB4BA4002B2591 /* CloudStorage in Frameworks */,
			);
			runOnlyForDeploymentPostprocessing = 0;
		};
		56C2E4A32DC284FE00C4E518 /* Frameworks */ = {
			isa = PBXFrameworksBuildPhase;
			buildActionMask = 2147483647;
			files = (
			);
			runOnlyForDeploymentPostprocessing = 0;
		};
		56C2E4AD2DC284FE00C4E518 /* Frameworks */ = {
			isa = PBXFrameworksBuildPhase;
			buildActionMask = 2147483647;
			files = (
			);
			runOnlyForDeploymentPostprocessing = 0;
		};
/* End PBXFrameworksBuildPhase section */

/* Begin PBXGroup section */
        A831191CAB904FBDB2843502 /* Config */ = {
            isa = PBXGroup;
            children = (
                A831191CAB904FBDB2843501 /* Shared.xcconfig */,
            );
            path = Config;
            sourceTree = "<group>";
        };
		56C2E4902DC284FB00C4E518 = {
			isa = PBXGroup;
			children = (
                A831191CAB904FBDB2843502 /* Config */,
				56C2E49B2DC284FB00C4E518 /* WeighPoint */,
				56C2E4A92DC284FE00C4E518 /* WeighPointTests */,
				56C2E4B32DC284FE00C4E518 /* WeighPointUITests */,
				56C2E49A2DC284FB00C4E518 /* Products */,
			);
			sourceTree = "<group>";
		};
		56C2E49A2DC284FB00C4E518 /* Products */ = {
			isa = PBXGroup;
			children = (
				56C2E4992DC284FB00C4E518 /* WeighPoint.app */,
				56C2E4A62DC284FE00C4E518 /* WeighPointTests.xctest */,
				56C2E4B02DC284FE00C4E518 /* WeighPointUITests.xctest */,
			);
			name = Products;
			sourceTree = "<group>";
		};
/* End PBXGroup section */

/* Begin PBXNativeTarget section */
		56C2E4982DC284FB00C4E518 /* WeighPoint */ = {
			isa = PBXNativeTarget;
			buildConfigurationList = 56C2E4BA2DC284FE00C4E518 /* Build configuration list for PBXNativeTarget "WeighPoint" */;
			buildPhases = (
				56C2E4952DC284FB00C4E518 /* Sources */,
				56C2E4962DC284FB00C4E518 /* Frameworks */,
				56C2E4972DC284FB00C4E518 /* Resources */,
			);
			buildRules = (
			);
			dependencies = (
			);
			fileSystemSynchronizedGroups = (
				56C2E49B2DC284FB00C4E518 /* WeighPoint */,
			);
			name = WeighPoint;
			packageProductDependencies = (
				562632742DEB4BA4002B2591 /* CloudStorage */,
				56253C4F2DEDB36700199118 /* Algorithms */,
			);
			productName = BMICalculator;
			productReference = 56C2E4992DC284FB00C4E518 /* WeighPoint.app */;
			productType = "com.apple.product-type.application";
		};
		56C2E4A52DC284FE00C4E518 /* WeighPointTests */ = {
			isa = PBXNativeTarget;
			buildConfigurationList = 56C2E4BD2DC284FE00C4E518 /* Build configuration list for PBXNativeTarget "WeighPointTests" */;
			buildPhases = (
				56C2E4A22DC284FE00C4E518 /* Sources */,
				56C2E4A32DC284FE00C4E518 /* Frameworks */,
				56C2E4A42DC284FE00C4E518 /* Resources */,
			);
			buildRules = (
			);
			dependencies = (
				56C2E4A82DC284FE00C4E518 /* PBXTargetDependency */,
			);
			fileSystemSynchronizedGroups = (
				56C2E4A92DC284FE00C4E518 /* WeighPointTests */,
			);
			name = WeighPointTests;
			packageProductDependencies = (
			);
			productName = BMICalculatorTests;
			productReference = 56C2E4A62DC284FE00C4E518 /* WeighPointTests.xctest */;
			productType = "com.apple.product-type.bundle.unit-test";
		};
		56C2E4AF2DC284FE00C4E518 /* WeighPointUITests */ = {
			isa = PBXNativeTarget;
			buildConfigurationList = 56C2E4C02DC284FE00C4E518 /* Build configuration list for PBXNativeTarget "WeighPointUITests" */;
			buildPhases = (
				56C2E4AC2DC284FE00C4E518 /* Sources */,
				56C2E4AD2DC284FE00C4E518 /* Frameworks */,
				56C2E4AE2DC284FE00C4E518 /* Resources */,
			);
			buildRules = (
			);
			dependencies = (
				56C2E4B22DC284FE00C4E518 /* PBXTargetDependency */,
			);
			fileSystemSynchronizedGroups = (
				56C2E4B32DC284FE00C4E518 /* WeighPointUITests */,
			);
			name = WeighPointUITests;
			packageProductDependencies = (
			);
			productName = BMICalculatorUITests;
			productReference = 56C2E4B02DC284FE00C4E518 /* WeighPointUITests.xctest */;
			productType = "com.apple.product-type.bundle.ui-testing";
		};
/* End PBXNativeTarget section */

/* Begin PBXProject section */
		56C2E4912DC284FB00C4E518 /* Project object */ = {
			isa = PBXProject;
			attributes = {
				BuildIndependentTargetsInParallel = 1;
				LastSwiftUpdateCheck = 1630;
				LastUpgradeCheck = 2620;
				TargetAttributes = {
					56C2E4982DC284FB00C4E518 = {
						CreatedOnToolsVersion = 16.3;
					};
					56C2E4A52DC284FE00C4E518 = {
						CreatedOnToolsVersion = 16.3;
						TestTargetID = 56C2E4982DC284FB00C4E518;
					};
					56C2E4AF2DC284FE00C4E518 = {
						CreatedOnToolsVersion = 16.3;
						TestTargetID = 56C2E4982DC284FB00C4E518;
					};
				};
			};
			buildConfigurationList = 56C2E4942DC284FB00C4E518 /* Build configuration list for PBXProject "WeighPoint" */;
			developmentRegion = en;
			hasScannedForEncodings = 0;
			knownRegions = (
				en,
				"zh-Hans",
				Base,
			);
			mainGroup = 56C2E4902DC284FB00C4E518;
			minimizedProjectReferenceProxies = 1;
			packageReferences = (
				562632732DEB4BA4002B2591 /* XCRemoteSwiftPackageReference "CloudStorage" */,
				56253C4E2DEDB36700199118 /* XCRemoteSwiftPackageReference "swift-algorithms" */,
			);
			preferredProjectObjectVersion = 77;
			productRefGroup = 56C2E49A2DC284FB00C4E518 /* Products */;
			projectDirPath = "";
			projectRoot = "";
			targets = (
				56C2E4982DC284FB00C4E518 /* WeighPoint */,
				56C2E4A52DC284FE00C4E518 /* WeighPointTests */,
				56C2E4AF2DC284FE00C4E518 /* WeighPointUITests */,
			);
		};
/* End PBXProject section */

/* Begin PBXResourcesBuildPhase section */
		56C2E4972DC284FB00C4E518 /* Resources */ = {
			isa = PBXResourcesBuildPhase;
			buildActionMask = 2147483647;
			files = (
			);
			runOnlyForDeploymentPostprocessing = 0;
		};
		56C2E4A42DC284FE00C4E518 /* Resources */ = {
			isa = PBXResourcesBuildPhase;
			buildActionMask = 2147483647;
			files = (
			);
			runOnlyForDeploymentPostprocessing = 0;
		};
		56C2E4AE2DC284FE00C4E518 /* Resources */ = {
			isa = PBXResourcesBuildPhase;
			buildActionMask = 2147483647;
			files = (
			);
			runOnlyForDeploymentPostprocessing = 0;
		};
/* End PBXResourcesBuildPhase section */

/* Begin PBXSourcesBuildPhase section */
		56C2E4952DC284FB00C4E518 /* Sources */ = {
			isa = PBXSourcesBuildPhase;
			buildActionMask = 2147483647;
			files = (
			);
			runOnlyForDeploymentPostprocessing = 0;
		};
		56C2E4A22DC284FE00C4E518 /* Sources */ = {
			isa = PBXSourcesBuildPhase;
			buildActionMask = 2147483647;
			files = (
			);
			runOnlyForDeploymentPostprocessing = 0;
		};
		56C2E4AC2DC284FE00C4E518 /* Sources */ = {
			isa = PBXSourcesBuildPhase;
			buildActionMask = 2147483647;
			files = (
			);
			runOnlyForDeploymentPostprocessing = 0;
		};
/* End PBXSourcesBuildPhase section */

/* Begin PBXTargetDependency section */
		56C2E4A82DC284FE00C4E518 /* PBXTargetDependency */ = {
			isa = PBXTargetDependency;
			target = 56C2E4982DC284FB00C4E518 /* WeighPoint */;
			targetProxy = 56C2E4A72DC284FE00C4E518 /* PBXContainerItemProxy */;
		};
		56C2E4B22DC284FE00C4E518 /* PBXTargetDependency */ = {
			isa = PBXTargetDependency;
			target = 56C2E4982DC284FB00C4E518 /* WeighPoint */;
			targetProxy = 56C2E4B12DC284FE00C4E518 /* PBXContainerItemProxy */;
		};
/* End PBXTargetDependency section */

/* Begin XCBuildConfiguration section */
		56C2E4B82DC284FE00C4E518 /* Debug */ = {
			isa = XCBuildConfiguration;
			baseConfigurationReference = A831191CAB904FBDB2843501 /* Shared.xcconfig */;
			buildSettings = {
				ALWAYS_SEARCH_USER_PATHS = NO;
				ASSETCATALOG_COMPILER_GENERATE_SWIFT_ASSET_SYMBOL_EXTENSIONS = YES;
				CLANG_ANALYZER_LOCALIZABILITY_NONLOCALIZED = YES;
				CLANG_ANALYZER_NONNULL = YES;
				CLANG_ANALYZER_NUMBER_OBJECT_CONVERSION = YES_AGGRESSIVE;
				CLANG_CXX_LANGUAGE_STANDARD = "gnu++20";
				CLANG_ENABLE_MODULES = YES;
				CLANG_ENABLE_OBJC_ARC = YES;
				CLANG_ENABLE_OBJC_WEAK = YES;
				CLANG_WARN_BLOCK_CAPTURE_AUTORELEASING = YES;
				CLANG_WARN_BOOL_CONVERSION = YES;
				CLANG_WARN_COMMA = YES;
				CLANG_WARN_CONSTANT_CONVERSION = YES;
				CLANG_WARN_DEPRECATED_OBJC_IMPLEMENTATIONS = YES;
				CLANG_WARN_DIRECT_OBJC_ISA_USAGE = YES_ERROR;
				CLANG_WARN_DOCUMENTATION_COMMENTS = YES;
				CLANG_WARN_EMPTY_BODY = YES;
				CLANG_WARN_ENUM_CONVERSION = YES;
				CLANG_WARN_INFINITE_RECURSION = YES;
				CLANG_WARN_INT_CONVERSION = YES;
				CLANG_WARN_NON_LITERAL_NULL_CONVERSION = YES;
				CLANG_WARN_OBJC_IMPLICIT_RETAIN_SELF = YES;
				CLANG_WARN_OBJC_LITERAL_CONVERSION = YES;
				CLANG_WARN_OBJC_ROOT_CLASS = YES_ERROR;
				CLANG_WARN_QUOTED_INCLUDE_IN_FRAMEWORK_HEADER = YES;
				CLANG_WARN_RANGE_LOOP_ANALYSIS = YES;
				CLANG_WARN_STRICT_PROTOTYPES = YES;
				CLANG_WARN_SUSPICIOUS_MOVE = YES;
				CLANG_WARN_UNGUARDED_AVAILABILITY = YES_AGGRESSIVE;
				CLANG_WARN_UNREACHABLE_CODE = YES;
				CLANG_WARN__DUPLICATE_METHOD_MATCH = YES;
				COPY_PHASE_STRIP = NO;
				DEBUG_INFORMATION_FORMAT = dwarf;

				ENABLE_STRICT_OBJC_MSGSEND = YES;
				ENABLE_TESTABILITY = YES;
				ENABLE_USER_SCRIPT_SANDBOXING = YES;
				GCC_C_LANGUAGE_STANDARD = gnu17;
				GCC_DYNAMIC_NO_PIC = NO;
				GCC_NO_COMMON_BLOCKS = YES;
				GCC_OPTIMIZATION_LEVEL = 0;
				GCC_PREPROCESSOR_DEFINITIONS = (
					"DEBUG=1",
					"$(inherited)",
				);
				GCC_WARN_64_TO_32_BIT_CONVERSION = YES;
				GCC_WARN_ABOUT_RETURN_TYPE = YES_ERROR;
				GCC_WARN_UNDECLARED_SELECTOR = YES;
				GCC_WARN_UNINITIALIZED_AUTOS = YES_AGGRESSIVE;
				GCC_WARN_UNUSED_FUNCTION = YES;
				GCC_WARN_UNUSED_VARIABLE = YES;
				IPHONEOS_DEPLOYMENT_TARGET = 18.0;
				LOCALIZATION_PREFERS_STRING_CATALOGS = YES;
				MTL_ENABLE_DEBUG_INFO = INCLUDE_SOURCE;
				MTL_FAST_MATH = YES;
				ONLY_ACTIVE_ARCH = YES;
				SDKROOT = iphoneos;
				STRING_CATALOG_GENERATE_SYMBOLS = YES;
				SWIFT_ACTIVE_COMPILATION_CONDITIONS = "DEBUG $(inherited)";
				SWIFT_EMIT_LOC_STRINGS = YES;
				SWIFT_OPTIMIZATION_LEVEL = "-Onone";
				SWIFT_VERSION = 5.0;
			};
			name = Debug;
		};
		56C2E4B92DC284FE00C4E518 /* Release */ = {
			isa = XCBuildConfiguration;
			baseConfigurationReference = A831191CAB904FBDB2843501 /* Shared.xcconfig */;
			buildSettings = {
				ALWAYS_SEARCH_USER_PATHS = NO;
				ASSETCATALOG_COMPILER_GENERATE_SWIFT_ASSET_SYMBOL_EXTENSIONS = YES;
				CLANG_ANALYZER_LOCALIZABILITY_NONLOCALIZED = YES;
				CLANG_ANALYZER_NONNULL = YES;
				CLANG_ANALYZER_NUMBER_OBJECT_CONVERSION = YES_AGGRESSIVE;
				CLANG_CXX_LANGUAGE_STANDARD = "gnu++20";
				CLANG_ENABLE_MODULES = YES;
				CLANG_ENABLE_OBJC_ARC = YES;
				CLANG_ENABLE_OBJC_WEAK = YES;
				CLANG_WARN_BLOCK_CAPTURE_AUTORELEASING = YES;
				CLANG_WARN_BOOL_CONVERSION = YES;
				CLANG_WARN_COMMA = YES;
				CLANG_WARN_CONSTANT_CONVERSION = YES;
				CLANG_WARN_DEPRECATED_OBJC_IMPLEMENTATIONS = YES;
				CLANG_WARN_DIRECT_OBJC_ISA_USAGE = YES_ERROR;
				CLANG_WARN_DOCUMENTATION_COMMENTS = YES;
				CLANG_WARN_EMPTY_BODY = YES;
				CLANG_WARN_ENUM_CONVERSION = YES;
				CLANG_WARN_INFINITE_RECURSION = YES;
				CLANG_WARN_INT_CONVERSION = YES;
				CLANG_WARN_NON_LITERAL_NULL_CONVERSION = YES;
				CLANG_WARN_OBJC_IMPLICIT_RETAIN_SELF = YES;
				CLANG_WARN_OBJC_LITERAL_CONVERSION = YES;
				CLANG_WARN_OBJC_ROOT_CLASS = YES_ERROR;
				CLANG_WARN_QUOTED_INCLUDE_IN_FRAMEWORK_HEADER = YES;
				CLANG_WARN_RANGE_LOOP_ANALYSIS = YES;
				CLANG_WARN_STRICT_PROTOTYPES = YES;
				CLANG_WARN_SUSPICIOUS_MOVE = YES;
				CLANG_WARN_UNGUARDED_AVAILABILITY = YES_AGGRESSIVE;
				CLANG_WARN_UNREACHABLE_CODE = YES;
				CLANG_WARN__DUPLICATE_METHOD_MATCH = YES;
				COPY_PHASE_STRIP = NO;
				DEBUG_INFORMATION_FORMAT = "dwarf-with-dsym";

				ENABLE_NS_ASSERTIONS = NO;
				ENABLE_STRICT_OBJC_MSGSEND = YES;
				ENABLE_USER_SCRIPT_SANDBOXING = YES;
				GCC_C_LANGUAGE_STANDARD = gnu17;
				GCC_NO_COMMON_BLOCKS = YES;
				GCC_WARN_64_TO_32_BIT_CONVERSION = YES;
				GCC_WARN_ABOUT_RETURN_TYPE = YES_ERROR;
				GCC_WARN_UNDECLARED_SELECTOR = YES;
				GCC_WARN_UNINITIALIZED_AUTOS = YES_AGGRESSIVE;
				GCC_WARN_UNUSED_FUNCTION = YES;
				GCC_WARN_UNUSED_VARIABLE = YES;
				IPHONEOS_DEPLOYMENT_TARGET = 18.0;
				LOCALIZATION_PREFERS_STRING_CATALOGS = YES;
				MTL_ENABLE_DEBUG_INFO = NO;
				MTL_FAST_MATH = YES;
				SDKROOT = iphoneos;
				STRING_CATALOG_GENERATE_SYMBOLS = YES;
				SWIFT_COMPILATION_MODE = wholemodule;
				SWIFT_EMIT_LOC_STRINGS = YES;
				SWIFT_VERSION = 5.0;
				VALIDATE_PRODUCT = YES;
			};
			name = Release;
		};
		56C2E4BB2DC284FE00C4E518 /* Debug */ = {
			isa = XCBuildConfiguration;
			buildSettings = {
				ASSETCATALOG_COMPILER_APPICON_NAME = "Assets - WeighPoint App Icon";
				ASSETCATALOG_COMPILER_GLOBAL_ACCENT_COLOR_NAME = AccentColor;
				ASSETCATALOG_COMPILER_INCLUDE_ALL_APPICON_ASSETS = NO;
				CODE_SIGN_ENTITLEMENTS = WeighPoint/WeighPoint.entitlements;
				CODE_SIGN_IDENTITY = "Apple Development";
				CODE_SIGN_STYLE = Automatic;
				CURRENT_PROJECT_VERSION = 5;

				ENABLE_PREVIEWS = YES;
				GENERATE_INFOPLIST_FILE = YES;
				INFOPLIST_FILE = WeighPoint/Info.plist;
				INFOPLIST_KEY_LSApplicationCategoryType = "public.app-category.healthcare-fitness";
				INFOPLIST_KEY_NSHealthShareUsageDescription = "Our app reads your sleep data and active energy burnt to give you personalized suggestions";
				INFOPLIST_KEY_NSHealthUpdateUsageDescription = "Our app might write your weight data into Apple Health in a later update";
				INFOPLIST_KEY_UIApplicationSceneManifest_Generation = YES;
				INFOPLIST_KEY_UIApplicationSupportsIndirectInputEvents = YES;
				INFOPLIST_KEY_UILaunchScreen_Generation = YES;
				INFOPLIST_KEY_UISupportedInterfaceOrientations = UIInterfaceOrientationPortrait;
				INFOPLIST_KEY_UISupportedInterfaceOrientations_iPad = "UIInterfaceOrientationLandscapeLeft UIInterfaceOrientationLandscapeRight UIInterfaceOrientationPortrait UIInterfaceOrientationPortraitUpsideDown";
				IPHONEOS_DEPLOYMENT_TARGET = 18.0;
				LD_RUNPATH_SEARCH_PATHS = (
					"$(inherited)",
					"@executable_path/Frameworks",
				);
				MARKETING_VERSION = 2.2;
				PRODUCT_BUNDLE_IDENTIFIER = com.leozhou.HealthMeter;
				PRODUCT_NAME = "$(TARGET_NAME)";
				PROVISIONING_PROFILE_SPECIFIER = "";
				SWIFT_EMIT_LOC_STRINGS = YES;
				SWIFT_VERSION = 5.0;
				TARGETED_DEVICE_FAMILY = "1,2";
			};
			name = Debug;
		};
		56C2E4BC2DC284FE00C4E518 /* Release */ = {
			isa = XCBuildConfiguration;
			buildSettings = {
				ASSETCATALOG_COMPILER_APPICON_NAME = "Assets - WeighPoint App Icon";
				ASSETCATALOG_COMPILER_GLOBAL_ACCENT_COLOR_NAME = AccentColor;
				ASSETCATALOG_COMPILER_INCLUDE_ALL_APPICON_ASSETS = NO;
				CODE_SIGN_ENTITLEMENTS = WeighPoint/WeighPoint.entitlements;
				CODE_SIGN_IDENTITY = "Apple Development";
				CODE_SIGN_STYLE = Automatic;
				CURRENT_PROJECT_VERSION = 5;

				ENABLE_PREVIEWS = YES;
				GENERATE_INFOPLIST_FILE = YES;
				INFOPLIST_FILE = WeighPoint/Info.plist;
				INFOPLIST_KEY_LSApplicationCategoryType = "public.app-category.healthcare-fitness";
				INFOPLIST_KEY_NSHealthShareUsageDescription = "Our app reads your sleep data and active energy burnt to give you personalized suggestions";
				INFOPLIST_KEY_NSHealthUpdateUsageDescription = "Our app might write your weight data into Apple Health in a later update";
				INFOPLIST_KEY_UIApplicationSceneManifest_Generation = YES;
				INFOPLIST_KEY_UIApplicationSupportsIndirectInputEvents = YES;
				INFOPLIST_KEY_UILaunchScreen_Generation = YES;
				INFOPLIST_KEY_UISupportedInterfaceOrientations = UIInterfaceOrientationPortrait;
				INFOPLIST_KEY_UISupportedInterfaceOrientations_iPad = "UIInterfaceOrientationLandscapeLeft UIInterfaceOrientationLandscapeRight UIInterfaceOrientationPortrait UIInterfaceOrientationPortraitUpsideDown";
				IPHONEOS_DEPLOYMENT_TARGET = 18.0;
				LD_RUNPATH_SEARCH_PATHS = (
					"$(inherited)",
					"@executable_path/Frameworks",
				);
				MARKETING_VERSION = 2.2;
				PRODUCT_BUNDLE_IDENTIFIER = com.leozhou.HealthMeter;
				PRODUCT_NAME = "$(TARGET_NAME)";
				PROVISIONING_PROFILE_SPECIFIER = "";
				SWIFT_EMIT_LOC_STRINGS = YES;
				SWIFT_VERSION = 5.0;
				TARGETED_DEVICE_FAMILY = "1,2";
			};
			name = Release;
		};
		56C2E4BE2DC284FE00C4E518 /* Debug */ = {
			isa = XCBuildConfiguration;
			buildSettings = {
				BUNDLE_LOADER = "$(TEST_HOST)";
				CODE_SIGN_STYLE = Automatic;
				CURRENT_PROJECT_VERSION = 1;

				GENERATE_INFOPLIST_FILE = YES;
				IPHONEOS_DEPLOYMENT_TARGET = 18.4;
				MARKETING_VERSION = 1.0;
				PRODUCT_BUNDLE_IDENTIFIER = com.leozhou.BMICalculatorTests;
				PRODUCT_NAME = "$(TARGET_NAME)";
				SWIFT_EMIT_LOC_STRINGS = NO;
				SWIFT_VERSION = 5.0;
				TARGETED_DEVICE_FAMILY = "1,2";
				TEST_HOST = "$(BUILT_PRODUCTS_DIR)/WeighPoint.app/$(BUNDLE_EXECUTABLE_FOLDER_PATH)/WeighPoint";
			};
			name = Debug;
		};
		56C2E4BF2DC284FE00C4E518 /* Release */ = {
			isa = XCBuildConfiguration;
			buildSettings = {
				BUNDLE_LOADER = "$(TEST_HOST)";
				CODE_SIGN_STYLE = Automatic;
				CURRENT_PROJECT_VERSION = 1;

				GENERATE_INFOPLIST_FILE = YES;
				IPHONEOS_DEPLOYMENT_TARGET = 18.4;
				MARKETING_VERSION = 1.0;
				PRODUCT_BUNDLE_IDENTIFIER = com.leozhou.BMICalculatorTests;
				PRODUCT_NAME = "$(TARGET_NAME)";
				SWIFT_EMIT_LOC_STRINGS = NO;
				SWIFT_VERSION = 5.0;
				TARGETED_DEVICE_FAMILY = "1,2";
				TEST_HOST = "$(BUILT_PRODUCTS_DIR)/WeighPoint.app/$(BUNDLE_EXECUTABLE_FOLDER_PATH)/WeighPoint";
			};
			name = Release;
		};
		56C2E4C12DC284FE00C4E518 /* Debug */ = {
			isa = XCBuildConfiguration;
			buildSettings = {
				CODE_SIGN_STYLE = Automatic;
				CURRENT_PROJECT_VERSION = 1;

				GENERATE_INFOPLIST_FILE = YES;
				MARKETING_VERSION = 1.0;
				PRODUCT_BUNDLE_IDENTIFIER = com.leozhou.BMICalculatorUITests;
				PRODUCT_NAME = "$(TARGET_NAME)";
				SWIFT_EMIT_LOC_STRINGS = NO;
				SWIFT_VERSION = 5.0;
				TARGETED_DEVICE_FAMILY = "1,2";
				TEST_TARGET_NAME = BMICalculator;
			};
			name = Debug;
		};
		56C2E4C22DC284FE00C4E518 /* Release */ = {
			isa = XCBuildConfiguration;
			buildSettings = {
				CODE_SIGN_STYLE = Automatic;
				CURRENT_PROJECT_VERSION = 1;

				GENERATE_INFOPLIST_FILE = YES;
				MARKETING_VERSION = 1.0;
				PRODUCT_BUNDLE_IDENTIFIER = com.leozhou.BMICalculatorUITests;
				PRODUCT_NAME = "$(TARGET_NAME)";
				SWIFT_EMIT_LOC_STRINGS = NO;
				SWIFT_VERSION = 5.0;
				TARGETED_DEVICE_FAMILY = "1,2";
				TEST_TARGET_NAME = BMICalculator;
			};
			name = Release;
		};
/* End XCBuildConfiguration section */

/* Begin XCConfigurationList section */
		56C2E4942DC284FB00C4E518 /* Build configuration list for PBXProject "WeighPoint" */ = {
			isa = XCConfigurationList;
			buildConfigurations = (
				56C2E4B82DC284FE00C4E518 /* Debug */,
				56C2E4B92DC284FE00C4E518 /* Release */,
			);
			defaultConfigurationIsVisible = 0;
			defaultConfigurationName = Release;
		};
		56C2E4BA2DC284FE00C4E518 /* Build configuration list for PBXNativeTarget "WeighPoint" */ = {
			isa = XCConfigurationList;
			buildConfigurations = (
				56C2E4BB2DC284FE00C4E518 /* Debug */,
				56C2E4BC2DC284FE00C4E518 /* Release */,
			);
			defaultConfigurationIsVisible = 0;
			defaultConfigurationName = Release;
		};
		56C2E4BD2DC284FE00C4E518 /* Build configuration list for PBXNativeTarget "WeighPointTests" */ = {
			isa = XCConfigurationList;
			buildConfigurations = (
				56C2E4BE2DC284FE00C4E518 /* Debug */,
				56C2E4BF2DC284FE00C4E518 /* Release */,
			);
			defaultConfigurationIsVisible = 0;
			defaultConfigurationName = Release;
		};
		56C2E4C02DC284FE00C4E518 /* Build configuration list for PBXNativeTarget "WeighPointUITests" */ = {
			isa = XCConfigurationList;
			buildConfigurations = (
				56C2E4C12DC284FE00C4E518 /* Debug */,
				56C2E4C22DC284FE00C4E518 /* Release */,
			);
			defaultConfigurationIsVisible = 0;
			defaultConfigurationName = Release;
		};
/* End XCConfigurationList section */

/* Begin XCRemoteSwiftPackageReference section */
		56253C4E2DEDB36700199118 /* XCRemoteSwiftPackageReference "swift-algorithms" */ = {
			isa = XCRemoteSwiftPackageReference;
			repositoryURL = "https://github.com/apple/swift-algorithms.git";
			requirement = {
				kind = upToNextMajorVersion;
				minimumVersion = 1.2.1;
			};
		};
		562632732DEB4BA4002B2591 /* XCRemoteSwiftPackageReference "CloudStorage" */ = {
			isa = XCRemoteSwiftPackageReference;
			repositoryURL = "https://github.com/nonstrict-hq/CloudStorage.git";
			requirement = {
				kind = upToNextMajorVersion;
				minimumVersion = 0.7.0;
			};
		};
/* End XCRemoteSwiftPackageReference section */

/* Begin XCSwiftPackageProductDependency section */
		56253C4F2DEDB36700199118 /* Algorithms */ = {
			isa = XCSwiftPackageProductDependency;
			package = 56253C4E2DEDB36700199118 /* XCRemoteSwiftPackageReference "swift-algorithms" */;
			productName = Algorithms;
		};
		562632742DEB4BA4002B2591 /* CloudStorage */ = {
			isa = XCSwiftPackageProductDependency;
			package = 562632732DEB4BA4002B2591 /* XCRemoteSwiftPackageReference "CloudStorage" */;
			productName = CloudStorage;
		};
/* End XCSwiftPackageProductDependency section */
	};
	rootObject = 56C2E4912DC284FB00C4E518 /* Project object */;
}
